
Microsoft Visual Studio Solution File, Format Version 12.00
# Visual Studio Version 16
VisualStudioVersion = 16.0.30611.23
MinimumVisualStudioVersion = 10.0.40219.1
Project("{FAE04EC0-301F-11D3-BF4B-00C04F79EFBC}") = "morpion", "morpion.csproj", "{30A94F6A-AF46-4DC9-A87F-5C71090F2C4C}"
EndProject
Global
	GlobalSection(SolutionConfigurationPlatforms) = preSolution
		Debug|Any CPU = Debug|Any CPU
		Release|Any CPU = Release|Any CPU
	EndGlobalSection
	GlobalSection(ProjectConfigurationPlatforms) = postSolution
		{30A94F6A-AF46-4DC9-A87F-5C71090F2C4C}.Debug|Any CPU.ActiveCfg = Debug|Any CPU
		{30A94F6A-AF46-4DC9-A87F-5C71090F2C4C}.Debug|Any CPU.Build.0 = Debug|Any CPU
		{30A94F6A-AF46-4DC9-A87F-5C71090F2C4C}.Release|Any CPU.ActiveCfg = Release|Any CPU
		{30A94F6A-AF46-4DC9-A87F-5C71090F2C4C}.Release|Any CPU.Build.0 = Release|Any CPU
	EndGlobalSection
	GlobalSection(SolutionProperties) = preSolution
		HideSolutionNode = FALSE
	EndGlobalSection
	GlobalSection(ExtensibilityGlobals) = postSolution
		SolutionGuid = {3A5B7CC6-C998-44DE-811B-21B378872653}
	EndGlobalSection
EndGlobal
